# Generated by `glow toolpack lock` from */manifest.yaml. Do not edit by hand.
tools:
  fake.concat@1:
    toolpack: fake
    manifest: fake/manifest.yaml
    image: local/fake:dev
    digest: null
    manifest_sha256: 1a680b67d1790d31b6985c90a5da089636deedaad1f4b34e874c269da324b543
  fake.copy@1:
    toolpack: fake
    manifest: fake/manifest.yaml
    image: local/fake:dev
    digest: null
    manifest_sha256: 1a680b67d1790d31b6985c90a5da089636deedaad1f4b34e874c269da324b543
  fake.write@1:
    toolpack: fake
    manifest: fake/manifest.yaml
    image: local/fake:dev
    digest: null
    manifest_sha256: 1a680b67d1790d31b6985c90a5da089636deedaad1f4b34e874c269da324b543
