# Generated by `glow toolpack lock` from */manifest.yaml. Do not edit by hand.
tools:
  gdal.dem.color_relief@1:
    toolpack: gdal
    manifest: gdal/manifest.yaml
    image: local/gdal:dev
    digest: null
    manifest_sha256: 07dd48bbe74ade78823a133ea4cc1468c4daa43b5fb1fae0d3fbb27b3b9d421b
  gdal.info@1:
    toolpack: gdal
    manifest: gdal/manifest.yaml
    image: local/gdal:dev
    digest: null
    manifest_sha256: 07dd48bbe74ade78823a133ea4cc1468c4daa43b5fb1fae0d3fbb27b3b9d421b
  gdal.translate@1:
    toolpack: gdal
    manifest: gdal/manifest.yaml
    image: local/gdal:dev
    digest: null
    manifest_sha256: 07dd48bbe74ade78823a133ea4cc1468c4daa43b5fb1fae0d3fbb27b3b9d421b
  prescient.render_from_color_table@1:
    toolpack: prescient
    manifest: prescient/manifest.yaml
    image: local/prescient:dev
    digest: null
    manifest_sha256: 0a081b7b75b44670db6f142df308f9f3191dbd6a9273e6a74702e78eb2acda06
  stac.download@1:
    toolpack: stac
    manifest: stac/manifest.yaml
    image: local/stac:dev
    digest: null
    manifest_sha256: 01ed76afab956745de402d13483c241f61033940ced51b08c54e5bc737fd7359
  stac.item@1:
    toolpack: stac
    manifest: stac/manifest.yaml
    image: local/stac:dev
    digest: null
    manifest_sha256: 01ed76afab956745de402d13483c241f61033940ced51b08c54e5bc737fd7359
  stac.publish@1:
    toolpack: stac
    manifest: stac/manifest.yaml
    image: local/stac:dev
    digest: null
    manifest_sha256: 01ed76afab956745de402d13483c241f61033940ced51b08c54e5bc737fd7359
  stac.search@1:
    toolpack: stac
    manifest: stac/manifest.yaml
    image: local/stac:dev
    digest: null
    manifest_sha256: 01ed76afab956745de402d13483c241f61033940ced51b08c54e5bc737fd7359
