# Generated by `glow toolpack lock` from */manifest.yaml. Do not edit by hand.
tools:
  gdal.dem.color_relief@1:
    toolpack: gdal
    manifest: gdal/manifest.yaml
    image: local/gdal:dev
    digest: null
    manifest_sha256: 2da7bb3e2ad4016ad213e8711aedbbc11fe7b1677627311e5c3801ffa9f540e1
  gdal.info@1:
    toolpack: gdal
    manifest: gdal/manifest.yaml
    image: local/gdal:dev
    digest: null
    manifest_sha256: 2da7bb3e2ad4016ad213e8711aedbbc11fe7b1677627311e5c3801ffa9f540e1
  gdal.translate@1:
    toolpack: gdal
    manifest: gdal/manifest.yaml
    image: local/gdal:dev
    digest: null
    manifest_sha256: 2da7bb3e2ad4016ad213e8711aedbbc11fe7b1677627311e5c3801ffa9f540e1
  prescient.render_from_color_table@1:
    toolpack: prescient
    manifest: prescient/manifest.yaml
    image: local/prescient:dev
    digest: null
    manifest_sha256: 0a081b7b75b44670db6f142df308f9f3191dbd6a9273e6a74702e78eb2acda06
  stac.item@1:
    toolpack: stac
    manifest: stac/manifest.yaml
    image: local/stac:dev
    digest: null
    manifest_sha256: 9f1e4d40a9a7769988d7f5d131a8896fd49f99c470602a9b2ee458eecea88e1d
  stac.publish@1:
    toolpack: stac
    manifest: stac/manifest.yaml
    image: local/stac:dev
    digest: null
    manifest_sha256: 9f1e4d40a9a7769988d7f5d131a8896fd49f99c470602a9b2ee458eecea88e1d
